// !$*UTF8*$!
{
	archiveVersion = 1;
	classes = {
	};
	objectVersion = 70;
	objects = {

/* Begin PBXBuildFile section */
		024742542D17BF1B004C1E8D /* StringResource.swift in Sources */ = {isa = PBXBuildFile; fileRef = 024742532D17BF1B004C1E8D /* StringResource.swift */; };
		0247426A2D226C81004C1E8D /* ThemeManager.swift in Sources */ = {isa = PBXBuildFile; fileRef = 024742692D226C7D004C1E8D /* ThemeManager.swift */; };
		02BB9DA52C88171B0080B71A /* MemoryGameModel.swift in Sources */ = {isa = PBXBuildFile; fileRef = 02BB9DA42C88171B0080B71A /* MemoryGameModel.swift */; };
		02BB9DA72C8DEBB80080B71A /* EmojiMemoryGameViewModel.swift in Sources */ = {isa = PBXBuildFile; fileRef = 02BB9DA62C8DEBB80080B71A /* EmojiMemoryGameViewModel.swift */; };
		C3AAC46E2BA9E531007064A2 /* MemorizeApp.swift in Sources */ = {isa = PBXBuildFile; fileRef = C3AAC46D2BA9E531007064A2 /* MemorizeApp.swift */; };
		C3AAC4702BA9E531007064A2 /* EmojiMemoryGameView.swift in Sources */ = {isa = PBXBuildFile; fileRef = C3AAC46F2BA9E531007064A2 /* EmojiMemoryGameView.swift */; };
		C3AAC4722BA9E535007064A2 /* Assets.xcassets in Resources */ = {isa = PBXBuildFile; fileRef = C3AAC4712BA9E535007064A2 /* Assets.xcassets */; };
		C3AAC4752BA9E535007064A2 /* Preview Assets.xcassets in Resources */ = {isa = PBXBuildFile; fileRef = C3AAC4742BA9E535007064A2 /* Preview Assets.xcassets */; };
		C3AAC47F2BA9E536007064A2 /* MemorizeTests.swift in Sources */ = {isa = PBXBuildFile; fileRef = C3AAC47E2BA9E536007064A2 /* MemorizeTests.swift */; };
		C3AAC4892BA9E536007064A2 /* MemorizeUITests.swift in Sources */ = {isa = PBXBuildFile; fileRef = C3AAC4882BA9E536007064A2 /* MemorizeUITests.swift */; };
		C3AAC48B2BA9E536007064A2 /* MemorizeUITestsLaunchTests.swift in Sources */ = {isa = PBXBuildFile; fileRef = C3AAC48A2BA9E536007064A2 /* MemorizeUITestsLaunchTests.swift */; };
/* End PBXBuildFile section */

/* Begin PBXContainerItemProxy section */
		C3AAC47B2BA9E536007064A2 /* PBXContainerItemProxy */ = {
			isa = PBXContainerItemProxy;
			containerPortal = C3AAC4622BA9E531007064A2 /* Project object */;
			proxyType = 1;
			remoteGlobalIDString = C3AAC4692BA9E531007064A2;
			remoteInfo = Memorize;
		};
		C3AAC4852BA9E536007064A2 /* PBXContainerItemProxy */ = {
			isa = PBXContainerItemProxy;
			containerPortal = C3AAC4622BA9E531007064A2 /* Project object */;
			proxyType = 1;
			remoteGlobalIDString = C3AAC4692BA9E531007064A2;
			remoteInfo = Memorize;
		};
/* End PBXContainerItemProxy section */

/* Begin PBXFileReference section */
		024742532D17BF1B004C1E8D /* StringResource.swift */ = {isa = PBXFileReference; lastKnownFileType = sourcecode.swift; path = StringResource.swift; sourceTree = "<group>"; };
		024742692D226C7D004C1E8D /* ThemeManager.swift */ = {isa = PBXFileReference; lastKnownFileType = sourcecode.swift; path = ThemeManager.swift; sourceTree = "<group>"; };
		02BB9DA42C88171B0080B71A /* MemoryGameModel.swift */ = {isa = PBXFileReference; lastKnownFileType = sourcecode.swift; path = MemoryGameModel.swift; sourceTree = "<group>"; };
		02BB9DA62C8DEBB80080B71A /* EmojiMemoryGameViewModel.swift */ = {isa = PBXFileReference; lastKnownFileType = sourcecode.swift; path = EmojiMemoryGameViewModel.swift; sourceTree = "<group>"; };
		C3AAC46A2BA9E531007064A2 /* Memorize.app */ = {isa = PBXFileReference; explicitFileType = wrapper.application; includeInIndex = 0; path = Memorize.app; sourceTree = BUILT_PRODUCTS_DIR; };
		C3AAC46D2BA9E531007064A2 /* MemorizeApp.swift */ = {isa = PBXFileReference; lastKnownFileType = sourcecode.swift; path = MemorizeApp.swift; sourceTree = "<group>"; };
		C3AAC46F2BA9E531007064A2 /* EmojiMemoryGameView.swift */ = {isa = PBXFileReference; lastKnownFileType = sourcecode.swift; path = EmojiMemoryGameView.swift; sourceTree = "<group>"; };
		C3AAC4712BA9E535007064A2 /* Assets.xcassets */ = {isa = PBXFileReference; lastKnownFileType = folder.assetcatalog; path = Assets.xcassets; sourceTree = "<group>"; };
		C3AAC4742BA9E535007064A2 /* Preview Assets.xcassets */ = {isa = PBXFileReference; lastKnownFileType = folder.assetcatalog; path = "Preview Assets.xcassets"; sourceTree = "<group>"; };
		C3AAC47A2BA9E536007064A2 /* MemorizeTests.xctest */ = {isa = PBXFileReference; explicitFileType = wrapper.cfbundle; includeInIndex = 0; path = MemorizeTests.xctest; sourceTree = BUILT_PRODUCTS_DIR; };
		C3AAC47E2BA9E536007064A2 /* MemorizeTests.swift */ = {isa = PBXFileReference; lastKnownFileType = sourcecode.swift; path = MemorizeTests.swift; sourceTree = "<group>"; };
		C3AAC4842BA9E536007064A2 /* MemorizeUITests.xctest */ = {isa = PBXFileReference; explicitFileType = wrapper.cfbundle; includeInIndex = 0; path = MemorizeUITests.xctest; sourceTree = BUILT_PRODUCTS_DIR; };
		C3AAC4882BA9E536007064A2 /* MemorizeUITests.swift */ = {isa = PBXFileReference; lastKnownFileType = sourcecode.swift; path = MemorizeUITests.swift; sourceTree = "<group>"; };
		C3AAC48A2BA9E536007064A2 /* MemorizeUITestsLaunchTests.swift */ = {isa = PBXFileReference; lastKnownFileType = sourcecode.swift; path = MemorizeUITestsLaunchTests.swift; sourceTree = "<group>"; };
/* End PBXFileReference section */

/* Begin PBXFileSystemSynchronizedRootGroup section */
		024742562D17BFE5004C1E8D /* Components */ = {isa = PBXFileSystemSynchronizedRootGroup; explicitFileTypes = {}; explicitFolders = (); path = Components; sourceTree = "<group>"; };
		0247425F2D1E5C94004C1E8D /* Extensions */ = {isa = PBXFileSystemSynchronizedRootGroup; explicitFileTypes = {}; explicitFolders = (); path = Extensions; sourceTree = "<group>"; };
/* End PBXFileSystemSynchronizedRootGroup section */

/* Begin PBXFrameworksBuildPhase section */
		C3AAC4672BA9E531007064A2 /* Frameworks */ = {
			isa = PBXFrameworksBuildPhase;
			buildActionMask = 2147483647;
			files = (
			);
			runOnlyForDeploymentPostprocessing = 0;
		};
		C3AAC4772BA9E536007064A2 /* Frameworks */ = {
			isa = PBXFrameworksBuildPhase;
			buildActionMask = 2147483647;
			files = (
			);
			runOnlyForDeploymentPostprocessing = 0;
		};
		C3AAC4812BA9E536007064A2 /* Frameworks */ = {
			isa = PBXFrameworksBuildPhase;
			buildActionMask = 2147483647;
			files = (
			);
			runOnlyForDeploymentPostprocessing = 0;
		};
/* End PBXFrameworksBuildPhase section */

/* Begin PBXGroup section */
		C3AAC4612BA9E531007064A2 = {
			isa = PBXGroup;
			children = (
				C3AAC46C2BA9E531007064A2 /* Memorize */,
				C3AAC47D2BA9E536007064A2 /* MemorizeTests */,
				C3AAC4872BA9E536007064A2 /* MemorizeUITests */,
				C3AAC46B2BA9E531007064A2 /* Products */,
			);
			sourceTree = "<group>";
		};
		C3AAC46B2BA9E531007064A2 /* Products */ = {
			isa = PBXGroup;
			children = (
				C3AAC46A2BA9E531007064A2 /* Memorize.app */,
				C3AAC47A2BA9E536007064A2 /* MemorizeTests.xctest */,
				C3AAC4842BA9E536007064A2 /* MemorizeUITests.xctest */,
			);
			name = Products;
			sourceTree = "<group>";
		};
		C3AAC46C2BA9E531007064A2 /* Memorize */ = {
			isa = PBXGroup;
			children = (
				C3AAC46F2BA9E531007064A2 /* EmojiMemoryGameView.swift */,
				02BB9DA62C8DEBB80080B71A /* EmojiMemoryGameViewModel.swift */,
				C3AAC46D2BA9E531007064A2 /* MemorizeApp.swift */,
				02BB9DA42C88171B0080B71A /* MemoryGameModel.swift */,
				024742692D226C7D004C1E8D /* ThemeManager.swift */,
				024742532D17BF1B004C1E8D /* StringResource.swift */,
				C3AAC4712BA9E535007064A2 /* Assets.xcassets */,
				024742562D17BFE5004C1E8D /* Components */,
				0247425F2D1E5C94004C1E8D /* Extensions */,
				C3AAC4732BA9E535007064A2 /* Preview Content */,
			);
			path = Memorize;
			sourceTree = "<group>";
		};
		C3AAC4732BA9E535007064A2 /* Preview Content */ = {
			isa = PBXGroup;
			children = (
				C3AAC4742BA9E535007064A2 /* Preview Assets.xcassets */,
			);
			path = "Preview Content";
			sourceTree = "<group>";
		};
		C3AAC47D2BA9E536007064A2 /* MemorizeTests */ = {
			isa = PBXGroup;
			children = (
				C3AAC47E2BA9E536007064A2 /* MemorizeTests.swift */,
			);
			path = MemorizeTests;
			sourceTree = "<group>";
		};
		C3AAC4872BA9E536007064A2 /* MemorizeUITests */ = {
			isa = PBXGroup;
			children = (
				C3AAC4882BA9E536007064A2 /* MemorizeUITests.swift */,
				C3AAC48A2BA9E536007064A2 /* MemorizeUITestsLaunchTests.swift */,
			);
			path = MemorizeUITests;
			sourceTree = "<group>";
		};
/* End PBXGroup section */

/* Begin PBXNativeTarget section */
		C3AAC4692BA9E531007064A2 /* Memorize */ = {
			isa = PBXNativeTarget;
			buildConfigurationList = C3AAC48E2BA9E536007064A2 /* Build configuration list for PBXNativeTarget "Memorize" */;
			buildPhases = (
				C3AAC4662BA9E531007064A2 /* Sources */,
				C3AAC4672BA9E531007064A2 /* Frameworks */,
				C3AAC4682BA9E531007064A2 /* Resources */,
			);
			buildRules = (
			);
			dependencies = (
			);
			fileSystemSynchronizedGroups = (
				024742562D17BFE5004C1E8D /* Components */,
				0247425F2D1E5C94004C1E8D /* Extensions */,
			);
			name = Memorize;
			productName = Memorize;
			productReference = C3AAC46A2BA9E531007064A2 /* Memorize.app */;
			productType = "com.apple.product-type.application";
		};
		C3AAC4792BA9E536007064A2 /* MemorizeTests */ = {
			isa = PBXNativeTarget;
			buildConfigurationList = C3AAC4912BA9E536007064A2 /* Build configuration list for PBXNativeTarget "MemorizeTests" */;
			buildPhases = (
				C3AAC4762BA9E536007064A2 /* Sources */,
				C3AAC4772BA9E536007064A2 /* Frameworks */,
				C3AAC4782BA9E536007064A2 /* Resources */,
			);
			buildRules = (
			);
			dependencies = (
				C3AAC47C2BA9E536007064A2 /* PBXTargetDependency */,
			);
			name = MemorizeTests;
			productName = MemorizeTests;
			productReference = C3AAC47A2BA9E536007064A2 /* MemorizeTests.xctest */;
			productType = "com.apple.product-type.bundle.unit-test";
		};
		C3AAC4832BA9E536007064A2 /* MemorizeUITests */ = {
			isa = PBXNativeTarget;
			buildConfigurationList = C3AAC4942BA9E536007064A2 /* Build configuration list for PBXNativeTarget "MemorizeUITests" */;
			buildPhases = (
				C3AAC4802BA9E536007064A2 /* Sources */,
				C3AAC4812BA9E536007064A2 /* Frameworks */,
				C3AAC4822BA9E536007064A2 /* Resources */,
			);
			buildRules = (
			);
			dependencies = (
				C3AAC4862BA9E536007064A2 /* PBXTargetDependency */,
			);
			name = MemorizeUITests;
			productName = MemorizeUITests;
			productReference = C3AAC4842BA9E536007064A2 /* MemorizeUITests.xctest */;
			productType = "com.apple.product-type.bundle.ui-testing";
		};
/* End PBXNativeTarget section */

/* Begin PBXProject section */
		C3AAC4622BA9E531007064A2 /* Project object */ = {
			isa = PBXProject;
			attributes = {
				BuildIndependentTargetsInParallel = 1;
				LastSwiftUpdateCheck = 1530;
				LastUpgradeCheck = 1530;
				TargetAttributes = {
					C3AAC4692BA9E531007064A2 = {
						CreatedOnToolsVersion = 15.3;
					};
					C3AAC4792BA9E536007064A2 = {
						CreatedOnToolsVersion = 15.3;
						TestTargetID = C3AAC4692BA9E531007064A2;
					};
					C3AAC4832BA9E536007064A2 = {
						CreatedOnToolsVersion = 15.3;
						TestTargetID = C3AAC4692BA9E531007064A2;
					};
				};
			};
			buildConfigurationList = C3AAC4652BA9E531007064A2 /* Build configuration list for PBXProject "Memorize" */;
			compatibilityVersion = "Xcode 14.0";
			developmentRegion = en;
			hasScannedForEncodings = 0;
			knownRegions = (
				en,
				Base,
			);
			mainGroup = C3AAC4612BA9E531007064A2;
			productRefGroup = C3AAC46B2BA9E531007064A2 /* Products */;
			projectDirPath = "";
			projectRoot = "";
			targets = (
				C3AAC4692BA9E531007064A2 /* Memorize */,
				C3AAC4792BA9E536007064A2 /* MemorizeTests */,
				C3AAC4832BA9E536007064A2 /* MemorizeUITests */,
			);
		};
/* End PBXProject section */

/* Begin PBXResourcesBuildPhase section */
		C3AAC4682BA9E531007064A2 /* Resources */ = {
			isa = PBXResourcesBuildPhase;
			buildActionMask = 2147483647;
			files = (
				C3AAC4752BA9E535007064A2 /* Preview Assets.xcassets in Resources */,
				C3AAC4722BA9E535007064A2 /* Assets.xcassets in Resources */,
			);
			runOnlyForDeploymentPostprocessing = 0;
		};
		C3AAC4782BA9E536007064A2 /* Resources */ = {
			isa = PBXResourcesBuildPhase;
			buildActionMask = 2147483647;
			files = (
			);
			runOnlyForDeploymentPostprocessing = 0;
		};
		C3AAC4822BA9E536007064A2 /* Resources */ = {
			isa = PBXResourcesBuildPhase;
			buildActionMask = 2147483647;
			files = (
			);
			runOnlyForDeploymentPostprocessing = 0;
		};
/* End PBXResourcesBuildPhase section */

/* Begin PBXSourcesBuildPhase section */
		C3AAC4662BA9E531007064A2 /* Sources */ = {
			isa = PBXSourcesBuildPhase;
			buildActionMask = 2147483647;
			files = (
				024742542D17BF1B004C1E8D /* StringResource.swift in Sources */,
				C3AAC4702BA9E531007064A2 /* EmojiMemoryGameView.swift in Sources */,
				C3AAC46E2BA9E531007064A2 /* MemorizeApp.swift in Sources */,
				02BB9DA52C88171B0080B71A /* MemoryGameModel.swift in Sources */,
				02BB9DA72C8DEBB80080B71A /* EmojiMemoryGameViewModel.swift in Sources */,
				0247426A2D226C81004C1E8D /* ThemeManager.swift in Sources */,
			);
			runOnlyForDeploymentPostprocessing = 0;
		};
		C3AAC4762BA9E536007064A2 /* Sources */ = {
			isa = PBXSourcesBuildPhase;
			buildActionMask = 2147483647;
			files = (
				C3AAC47F2BA9E536007064A2 /* MemorizeTests.swift in Sources */,
			);
			runOnlyForDeploymentPostprocessing = 0;
		};
		C3AAC4802BA9E536007064A2 /* Sources */ = {
			isa = PBXSourcesBuildPhase;
			buildActionMask = 2147483647;
			files = (
				C3AAC48B2BA9E536007064A2 /* MemorizeUITestsLaunchTests.swift in Sources */,
				C3AAC4892BA9E536007064A2 /* MemorizeUITests.swift in Sources */,
			);
			runOnlyForDeploymentPostprocessing = 0;
		};
/* End PBXSourcesBuildPhase section */

/* Begin PBXTargetDependency section */
		C3AAC47C2BA9E536007064A2 /* PBXTargetDependency */ = {
			isa = PBXTargetDependency;
			target = C3AAC4692BA9E531007064A2 /* Memorize */;
			targetProxy = C3AAC47B2BA9E536007064A2 /* PBXContainerItemProxy */;
		};
		C3AAC4862BA9E536007064A2 /* PBXTargetDependency */ = {
			isa = PBXTargetDependency;
			target = C3AAC4692BA9E531007064A2 /* Memorize */;
			targetProxy = C3AAC4852BA9E536007064A2 /* PBXContainerItemProxy */;
		};
/* End PBXTargetDependency section */

/* Begin XCBuildConfiguration section */
		C3AAC48C2BA9E536007064A2 /* Debug */ = {
			isa = XCBuildConfiguration;
			buildSettings = {
				ALWAYS_SEARCH_USER_PATHS = NO;
				ASSETCATALOG_COMPILER_GENERATE_SWIFT_ASSET_SYMBOL_EXTENSIONS = YES;
				CLANG_ANALYZER_NONNULL = YES;
				CLANG_ANALYZER_NUMBER_OBJECT_CONVERSION = YES_AGGRESSIVE;
				CLANG_CXX_LANGUAGE_STANDARD = "gnu++20";
				CLANG_ENABLE_MODULES = YES;
				CLANG_ENABLE_OBJC_ARC = YES;
				CLANG_ENABLE_OBJC_WEAK = YES;
				CLANG_WARN_BLOCK_CAPTURE_AUTORELEASING = YES;
				CLANG_WARN_BOOL_CONVERSION = YES;
				CLANG_WARN_COMMA = YES;
				CLANG_WARN_CONSTANT_CONVERSION = YES;
				CLANG_WARN_DEPRECATED_OBJC_IMPLEMENTATIONS = YES;
				CLANG_WARN_DIRECT_OBJC_ISA_USAGE = YES_ERROR;
				CLANG_WARN_DOCUMENTATION_COMMENTS = YES;
				CLANG_WARN_EMPTY_BODY = YES;
				CLANG_WARN_ENUM_CONVERSION = YES;
				CLANG_WARN_INFINITE_RECURSION = YES;
				CLANG_WARN_INT_CONVERSION = YES;
				CLANG_WARN_NON_LITERAL_NULL_CONVERSION = YES;
				CLANG_WARN_OBJC_IMPLICIT_RETAIN_SELF = YES;
				CLANG_WARN_OBJC_LITERAL_CONVERSION = YES;
				CLANG_WARN_OBJC_ROOT_CLASS = YES_ERROR;
				CLANG_WARN_QUOTED_INCLUDE_IN_FRAMEWORK_HEADER = YES;
				CLANG_WARN_RANGE_LOOP_ANALYSIS = YES;
				CLANG_WARN_STRICT_PROTOTYPES = YES;
				CLANG_WARN_SUSPICIOUS_MOVE = YES;
				CLANG_WARN_UNGUARDED_AVAILABILITY = YES_AGGRESSIVE;
				CLANG_WARN_UNREACHABLE_CODE = YES;
				CLANG_WARN__DUPLICATE_METHOD_MATCH = YES;
				COPY_PHASE_STRIP = NO;
				DEBUG_INFORMATION_FORMAT = dwarf;
				ENABLE_STRICT_OBJC_MSGSEND = YES;
				ENABLE_TESTABILITY = YES;
				ENABLE_USER_SCRIPT_SANDBOXING = YES;
				GCC_C_LANGUAGE_STANDARD = gnu17;
				GCC_DYNAMIC_NO_PIC = NO;
				GCC_NO_COMMON_BLOCKS = YES;
				GCC_OPTIMIZATION_LEVEL = 0;
				GCC_PREPROCESSOR_DEFINITIONS = (
					"DEBUG=1",
					"$(inherited)",
				);
				GCC_WARN_64_TO_32_BIT_CONVERSION = YES;
				GCC_WARN_ABOUT_RETURN_TYPE = YES_ERROR;
				GCC_WARN_UNDECLARED_SELECTOR = YES;
				GCC_WARN_UNINITIALIZED_AUTOS = YES_AGGRESSIVE;
				GCC_WARN_UNUSED_FUNCTION = YES;
				GCC_WARN_UNUSED_VARIABLE = YES;
				IPHONEOS_DEPLOYMENT_TARGET = 17.4;
				LOCALIZATION_PREFERS_STRING_CATALOGS = YES;
				MTL_ENABLE_DEBUG_INFO = INCLUDE_SOURCE;
				MTL_FAST_MATH = YES;
				ONLY_ACTIVE_ARCH = YES;
				SDKROOT = iphoneos;
				SWIFT_ACTIVE_COMPILATION_CONDITIONS = "DEBUG $(inherited)";
				SWIFT_OPTIMIZATION_LEVEL = "-Onone";
			};
			name = Debug;
		};
		C3AAC48D2BA9E536007064A2 /* Release */ = {
			isa = XCBuildConfiguration;
			buildSettings = {
				ALWAYS_SEARCH_USER_PATHS = NO;
				ASSETCATALOG_COMPILER_GENERATE_SWIFT_ASSET_SYMBOL_EXTENSIONS = YES;
				CLANG_ANALYZER_NONNULL = YES;
				CLANG_ANALYZER_NUMBER_OBJECT_CONVERSION = YES_AGGRESSIVE;
				CLANG_CXX_LANGUAGE_STANDARD = "gnu++20";
				CLANG_ENABLE_MODULES = YES;
				CLANG_ENABLE_OBJC_ARC = YES;
				CLANG_ENABLE_OBJC_WEAK = YES;
				CLANG_WARN_BLOCK_CAPTURE_AUTORELEASING = YES;
				CLANG_WARN_BOOL_CONVERSION = YES;
				CLANG_WARN_COMMA = YES;
				CLANG_WARN_CONSTANT_CONVERSION = YES;
				CLANG_WARN_DEPRECATED_OBJC_IMPLEMENTATIONS = YES;
				CLANG_WARN_DIRECT_OBJC_ISA_USAGE = YES_ERROR;
				CLANG_WARN_DOCUMENTATION_COMMENTS = YES;
				CLANG_WARN_EMPTY_BODY = YES;
				CLANG_WARN_ENUM_CONVERSION = YES;
				CLANG_WARN_INFINITE_RECURSION = YES;
				CLANG_WARN_INT_CONVERSION = YES;
				CLANG_WARN_NON_LITERAL_NULL_CONVERSION = YES;
				CLANG_WARN_OBJC_IMPLICIT_RETAIN_SELF = YES;
				CLANG_WARN_OBJC_LITERAL_CONVERSION = YES;
				CLANG_WARN_OBJC_ROOT_CLASS = YES_ERROR;
				CLANG_WARN_QUOTED_INCLUDE_IN_FRAMEWORK_HEADER = YES;
				CLANG_WARN_RANGE_LOOP_ANALYSIS = YES;
				CLANG_WARN_STRICT_PROTOTYPES = YES;
				CLANG_WARN_SUSPICIOUS_MOVE = YES;
				CLANG_WARN_UNGUARDED_AVAILABILITY = YES_AGGRESSIVE;
				CLANG_WARN_UNREACHABLE_CODE = YES;
				CLANG_WARN__DUPLICATE_METHOD_MATCH = YES;
				COPY_PHASE_STRIP = NO;
				DEBUG_INFORMATION_FORMAT = "dwarf-with-dsym";
				ENABLE_NS_ASSERTIONS = NO;
				ENABLE_STRICT_OBJC_MSGSEND = YES;
				ENABLE_USER_SCRIPT_SANDBOXING = YES;
				GCC_C_LANGUAGE_STANDARD = gnu17;
				GCC_NO_COMMON_BLOCKS = YES;
				GCC_WARN_64_TO_32_BIT_CONVERSION = YES;
				GCC_WARN_ABOUT_RETURN_TYPE = YES_ERROR;
				GCC_WARN_UNDECLARED_SELECTOR = YES;
				GCC_WARN_UNINITIALIZED_AUTOS = YES_AGGRESSIVE;
				GCC_WARN_UNUSED_FUNCTION = YES;
				GCC_WARN_UNUSED_VARIABLE = YES;
				IPHONEOS_DEPLOYMENT_TARGET = 17.4;
				LOCALIZATION_PREFERS_STRING_CATALOGS = YES;
				MTL_ENABLE_DEBUG_INFO = NO;
				MTL_FAST_MATH = YES;
				SDKROOT = iphoneos;
				SWIFT_COMPILATION_MODE = wholemodule;
				VALIDATE_PRODUCT = YES;
			};
			name = Release;
		};
		C3AAC48F2BA9E536007064A2 /* Debug */ = {
			isa = XCBuildConfiguration;
			buildSettings = {
				ASSETCATALOG_COMPILER_APPICON_NAME = AppIcon;
				ASSETCATALOG_COMPILER_GLOBAL_ACCENT_COLOR_NAME = AccentColor;
				CODE_SIGN_STYLE = Automatic;
				CURRENT_PROJECT_VERSION = 1;
				DEVELOPMENT_ASSET_PATHS = "\"Memorize/Preview Content\"";
				DEVELOPMENT_TEAM = M48RNSPPRH;
				ENABLE_PREVIEWS = YES;
				GENERATE_INFOPLIST_FILE = YES;
				INFOPLIST_KEY_UIApplicationSceneManifest_Generation = YES;
				INFOPLIST_KEY_UIApplicationSupportsIndirectInputEvents = YES;
				INFOPLIST_KEY_UILaunchScreen_Generation = YES;
				INFOPLIST_KEY_UISupportedInterfaceOrientations_iPad = "UIInterfaceOrientationPortrait UIInterfaceOrientationPortraitUpsideDown UIInterfaceOrientationLandscapeLeft UIInterfaceOrientationLandscapeRight";
				INFOPLIST_KEY_UISupportedInterfaceOrientations_iPhone = "UIInterfaceOrientationPortrait UIInterfaceOrientationLandscapeLeft UIInterfaceOrientationLandscapeRight";
				LD_RUNPATH_SEARCH_PATHS = (
					"$(inherited)",
					"@executable_path/Frameworks",
				);
				MARKETING_VERSION = 1.0;
				PRODUCT_BUNDLE_IDENTIFIER = com.ThangLe.Memorize;
				PRODUCT_NAME = "$(TARGET_NAME)";
				SWIFT_EMIT_LOC_STRINGS = YES;
				SWIFT_VERSION = 5.0;
				TARGETED_DEVICE_FAMILY = "1,2";
			};
			name = Debug;
		};
		C3AAC4902BA9E536007064A2 /* Release */ = {
			isa = XCBuildConfiguration;
			buildSettings = {
				ASSETCATALOG_COMPILER_APPICON_NAME = AppIcon;
				ASSETCATALOG_COMPILER_GLOBAL_ACCENT_COLOR_NAME = AccentColor;
				CODE_SIGN_STYLE = Automatic;
				CURRENT_PROJECT_VERSION = 1;
				DEVELOPMENT_ASSET_PATHS = "\"Memorize/Preview Content\"";
				DEVELOPMENT_TEAM = M48RNSPPRH;
				ENABLE_PREVIEWS = YES;
				GENERATE_INFOPLIST_FILE = YES;
				INFOPLIST_KEY_UIApplicationSceneManifest_Generation = YES;
				INFOPLIST_KEY_UIApplicationSupportsIndirectInputEvents = YES;
				INFOPLIST_KEY_UILaunchScreen_Generation = YES;
				INFOPLIST_KEY_UISupportedInterfaceOrientations_iPad = "UIInterfaceOrientationPortrait UIInterfaceOrientationPortraitUpsideDown UIInterfaceOrientationLandscapeLeft UIInterfaceOrientationLandscapeRight";
				INFOPLIST_KEY_UISupportedInterfaceOrientations_iPhone = "UIInterfaceOrientationPortrait UIInterfaceOrientationLandscapeLeft UIInterfaceOrientationLandscapeRight";
				LD_RUNPATH_SEARCH_PATHS = (
					"$(inherited)",
					"@executable_path/Frameworks",
				);
				MARKETING_VERSION = 1.0;
				PRODUCT_BUNDLE_IDENTIFIER = com.ThangLe.Memorize;
				PRODUCT_NAME = "$(TARGET_NAME)";
				SWIFT_EMIT_LOC_STRINGS = YES;
				SWIFT_VERSION = 5.0;
				TARGETED_DEVICE_FAMILY = "1,2";
			};
			name = Release;
		};
		C3AAC4922BA9E536007064A2 /* Debug */ = {
			isa = XCBuildConfiguration;
			buildSettings = {
				ALWAYS_EMBED_SWIFT_STANDARD_LIBRARIES = YES;
				BUNDLE_LOADER = "$(TEST_HOST)";
				CODE_SIGN_STYLE = Automatic;
				CURRENT_PROJECT_VERSION = 1;
				DEVELOPMENT_TEAM = M48RNSPPRH;
				GENERATE_INFOPLIST_FILE = YES;
				IPHONEOS_DEPLOYMENT_TARGET = 17.4;
				MARKETING_VERSION = 1.0;
				PRODUCT_BUNDLE_IDENTIFIER = com.ThangLe.MemorizeTests;
				PRODUCT_NAME = "$(TARGET_NAME)";
				SWIFT_EMIT_LOC_STRINGS = NO;
				SWIFT_VERSION = 5.0;
				TARGETED_DEVICE_FAMILY = "1,2";
				TEST_HOST = "$(BUILT_PRODUCTS_DIR)/Memorize.app/$(BUNDLE_EXECUTABLE_FOLDER_PATH)/Memorize";
			};
			name = Debug;
		};
		C3AAC4932BA9E536007064A2 /* Release */ = {
			isa = XCBuildConfiguration;
			buildSettings = {
				ALWAYS_EMBED_SWIFT_STANDARD_LIBRARIES = YES;
				BUNDLE_LOADER = "$(TEST_HOST)";
				CODE_SIGN_STYLE = Automatic;
				CURRENT_PROJECT_VERSION = 1;
				DEVELOPMENT_TEAM = M48RNSPPRH;
				GENERATE_INFOPLIST_FILE = YES;
				IPHONEOS_DEPLOYMENT_TARGET = 17.4;
				MARKETING_VERSION = 1.0;
				PRODUCT_BUNDLE_IDENTIFIER = com.ThangLe.MemorizeTests;
				PRODUCT_NAME = "$(TARGET_NAME)";
				SWIFT_EMIT_LOC_STRINGS = NO;
				SWIFT_VERSION = 5.0;
				TARGETED_DEVICE_FAMILY = "1,2";
				TEST_HOST = "$(BUILT_PRODUCTS_DIR)/Memorize.app/$(BUNDLE_EXECUTABLE_FOLDER_PATH)/Memorize";
			};
			name = Release;
		};
		C3AAC4952BA9E536007064A2 /* Debug */ = {
			isa = XCBuildConfiguration;
			buildSettings = {
				ALWAYS_EMBED_SWIFT_STANDARD_LIBRARIES = YES;
				CODE_SIGN_STYLE = Automatic;
				CURRENT_PROJECT_VERSION = 1;
				DEVELOPMENT_TEAM = M48RNSPPRH;
				GENERATE_INFOPLIST_FILE = YES;
				MARKETING_VERSION = 1.0;
				PRODUCT_BUNDLE_IDENTIFIER = com.ThangLe.MemorizeUITests;
				PRODUCT_NAME = "$(TARGET_NAME)";
				SWIFT_EMIT_LOC_STRINGS = NO;
				SWIFT_VERSION = 5.0;
				TARGETED_DEVICE_FAMILY = "1,2";
				TEST_TARGET_NAME = Memorize;
			};
			name = Debug;
		};
		C3AAC4962BA9E536007064A2 /* Release */ = {
			isa = XCBuildConfiguration;
			buildSettings = {
				ALWAYS_EMBED_SWIFT_STANDARD_LIBRARIES = YES;
				CODE_SIGN_STYLE = Automatic;
				CURRENT_PROJECT_VERSION = 1;
				DEVELOPMENT_TEAM = M48RNSPPRH;
				GENERATE_INFOPLIST_FILE = YES;
				MARKETING_VERSION = 1.0;
				PRODUCT_BUNDLE_IDENTIFIER = com.ThangLe.MemorizeUITests;
				PRODUCT_NAME = "$(TARGET_NAME)";
				SWIFT_EMIT_LOC_STRINGS = NO;
				SWIFT_VERSION = 5.0;
				TARGETED_DEVICE_FAMILY = "1,2";
				TEST_TARGET_NAME = Memorize;
			};
			name = Release;
		};
/* End XCBuildConfiguration section */

/* Begin XCConfigurationList section */
		C3AAC4652BA9E531007064A2 /* Build configuration list for PBXProject "Memorize" */ = {
			isa = XCConfigurationList;
			buildConfigurations = (
				C3AAC48C2BA9E536007064A2 /* Debug */,
				C3AAC48D2BA9E536007064A2 /* Release */,
			);
			defaultConfigurationIsVisible = 0;
			defaultConfigurationName = Release;
		};
		C3AAC48E2BA9E536007064A2 /* Build configuration list for PBXNativeTarget "Memorize" */ = {
			isa = XCConfigurationList;
			buildConfigurations = (
				C3AAC48F2BA9E536007064A2 /* Debug */,
				C3AAC4902BA9E536007064A2 /* Release */,
			);
			defaultConfigurationIsVisible = 0;
			defaultConfigurationName = Release;
		};
		C3AAC4912BA9E536007064A2 /* Build configuration list for PBXNativeTarget "MemorizeTests" */ = {
			isa = XCConfigurationList;
			buildConfigurations = (
				C3AAC4922BA9E536007064A2 /* Debug */,
				C3AAC4932BA9E536007064A2 /* Release */,
			);
			defaultConfigurationIsVisible = 0;
			defaultConfigurationName = Release;
		};
		C3AAC4942BA9E536007064A2 /* Build configuration list for PBXNativeTarget "MemorizeUITests" */ = {
			isa = XCConfigurationList;
			buildConfigurations = (
				C3AAC4952BA9E536007064A2 /* Debug */,
				C3AAC4962BA9E536007064A2 /* Release */,
			);
			defaultConfigurationIsVisible = 0;
			defaultConfigurationName = Release;
		};
/* End XCConfigurationList section */
	};
	rootObject = C3AAC4622BA9E531007064A2 /* Project object */;
}
